// !$*UTF8*$!
{
	archiveVersion = 1;
	classes = {
	};
	objectVersion = 46;
	objects = {

/* Begin PBXBuildFile section */
		FAC166A71F2A47A100A86553 /* AppDelegate.swift in Sources */ = {isa = PBXBuildFile; fileRef = FAC166A61F2A47A100A86553 /* AppDelegate.swift */; };
		FAC166A91F2A47A100A86553 /* ViewController.swift in Sources */ = {isa = PBXBuildFile; fileRef = FAC166A81F2A47A100A86553 /* ViewController.swift */; };
		FAC166AC1F2A47A100A86553 /* Main.storyboard in Resources */ = {isa = PBXBuildFile; fileRef = FAC166AA1F2A47A100A86553 /* Main.storyboard */; };
		FAC166AE1F2A47A100A86553 /* Assets.xcassets in Resources */ = {isa = PBXBuildFile; fileRef = FAC166AD1F2A47A100A86553 /* Assets.xcassets */; };
		FAC166B11F2A47A100A86553 /* LaunchScreen.storyboard in Resources */ = {isa = PBXBuildFile; fileRef = FAC166AF1F2A47A100A86553 /* LaunchScreen.storyboard */; };
/* End PBXBuildFile section */

/* Begin PBXFileReference section */
		FAC166A31F2A47A000A86553 /* DataStorage.app */ = {isa = PBXFileReference; explicitFileType = wrapper.application; includeInIndex = 0; path = DataStorage.app; sourceTree = BUILT_PRODUCTS_DIR; };
		FAC166A61F2A47A100A86553 /* AppDelegate.swift */ = {isa = PBXFileReference; lastKnownFileType = sourcecode.swift; path = AppDelegate.swift; sourceTree = "<group>"; };
		FAC166A81F2A47A100A86553 /* ViewController.swift */ = {isa = PBXFileReference; lastKnownFileType = sourcecode.swift; path = ViewController.swift; sourceTree = "<group>"; };
		FAC166AB1F2A47A100A86553 /* Base */ = {isa = PBXFileReference; lastKnownFileType = file.storyboard; name = Base; path = Base.lproj/Main.storyboard; sourceTree = "<group>"; };
		FAC166AD1F2A47A100A86553 /* Assets.xcassets */ = {isa = PBXFileReference; lastKnownFileType = folder.assetcatalog; path = Assets.xcassets; sourceTree = "<group>"; };
		FAC166B01F2A47A100A86553 /* Base */ = {isa = PBXFileReference; lastKnownFileType = file.storyboard; name = Base; path = Base.lproj/LaunchScreen.storyboard; sourceTree = "<group>"; };
		FAC166B21F2A47A100A86553 /* Info.plist */ = {isa = PBXFileReference; lastKnownFileType = text.plist.xml; path = Info.plist; sourceTree = "<group>"; };
/* End PBXFileReference section */

/* Begin PBXFrameworksBuildPhase section */
		FAC166A01F2A47A000A86553 /* Frameworks */ = {
			isa = PBXFrameworksBuildPhase;
			buildActionMask = 2147483647;
			files = (
			);
			runOnlyForDeploymentPostprocessing = 0;
		};
/* End PBXFrameworksBuildPhase section */

/* Begin PBXGroup section */
		FAC1669A1F2A47A000A86553 = {
			isa = PBXGroup;
			children = (
				FAC166A51F2A47A000A86553 /* DataStorage */,
				FAC166A41F2A47A000A86553 /* Products */,
			);
			sourceTree = "<group>";
		};
		FAC166A41F2A47A000A86553 /* Products */ = {
			isa = PBXGroup;
			children = (
				FAC166A31F2A47A000A86553 /* DataStorage.app */,
			);
			name = Products;
			sourceTree = "<group>";
		};
		FAC166A51F2A47A000A86553 /* DataStorage */ = {
			isa = PBXGroup;
			children = (
				FAC166A61F2A47A100A86553 /* AppDelegate.swift */,
				FAC166A81F2A47A100A86553 /* ViewController.swift */,
				FAC166AA1F2A47A100A86553 /* Main.storyboard */,
				FAC166AD1F2A47A100A86553 /* Assets.xcassets */,
				FAC166AF1F2A47A100A86553 /* LaunchScreen.storyboard */,
				FAC166B21F2A47A100A86553 /* Info.plist */,
			);
			path = DataStorage;
			sourceTree = "<group>";
		};
/* End PBXGroup section */

/* Begin PBXNativeTarget section */
		FAC166A21F2A47A000A86553 /* DataStorage */ = {
			isa = PBXNativeTarget;
			buildConfigurationList = FAC166B51F2A47A100A86553 /* Build configuration list for PBXNativeTarget "DataStorage" */;
			buildPhases = (
				FAC1669F1F2A47A000A86553 /* Sources */,
				FAC166A01F2A47A000A86553 /* Frameworks */,
				FAC166A11F2A47A000A86553 /* Resources */,
			);
			buildRules = (
			);
			dependencies = (
			);
			name = DataStorage;
			productName = DataStorage;
			productReference = FAC166A31F2A47A000A86553 /* DataStorage.app */;
			productType = "com.apple.product-type.application";
		};
/* End PBXNativeTarget section */

/* Begin PBXProject section */
		FAC1669B1F2A47A000A86553 /* Project object */ = {
			isa = PBXProject;
			attributes = {
				LastSwiftUpdateCheck = 0830;
				LastUpgradeCheck = 0830;
				ORGANIZATIONNAME = nxtgen;
				TargetAttributes = {
					FAC166A21F2A47A000A86553 = {
						CreatedOnToolsVersion = 8.3.3;
						DevelopmentTeam = ATZ7PKK893;
						ProvisioningStyle = Automatic;
					};
				};
			};
			buildConfigurationList = FAC1669E1F2A47A000A86553 /* Build configuration list for PBXProject "DataStorage" */;
			compatibilityVersion = "Xcode 3.2";
			developmentRegion = English;
			hasScannedForEncodings = 0;
			knownRegions = (
				en,
				Base,
			);
			mainGroup = FAC1669A1F2A47A000A86553;
			productRefGroup = FAC166A41F2A47A000A86553 /* Products */;
			projectDirPath = "";
			projectRoot = "";
			targets = (
				FAC166A21F2A47A000A86553 /* DataStorage */,
			);
		};
/* End PBXProject section */

/* Begin PBXResourcesBuildPhase section */
		FAC166A11F2A47A000A86553 /* Resources */ = {
			isa = PBXResourcesBuildPhase;
			buildActionMask = 2147483647;
			files = (
				FAC166B11F2A47A100A86553 /* LaunchScreen.storyboard in Resources */,
				FAC166AE1F2A47A100A86553 /* Assets.xcassets in Resources */,
				FAC166AC1F2A47A100A86553 /* Main.storyboard in Resources */,
			);
			runOnlyForDeploymentPostprocessing = 0;
		};
/* End PBXResourcesBuildPhase section */

/* Begin PBXSourcesBuildPhase section */
		FAC1669F1F2A47A000A86553 /* Sources */ = {
			isa = PBXSourcesBuildPhase;
			buildActionMask = 2147483647;
			files = (
				FAC166A91F2A47A100A86553 /* ViewController.swift in Sources */,
				FAC166A71F2A47A100A86553 /* AppDelegate.swift in Sources */,
			);
			runOnlyForDeploymentPostprocessing = 0;
		};
/* End PBXSourcesBuildPhase section */

/* Begin PBXVariantGroup section */
		FAC166AA1F2A47A100A86553 /* Main.storyboard */ = {
			isa = PBXVariantGroup;
			children = (
				FAC166AB1F2A47A100A86553 /* Base */,
			);
			name = Main.storyboard;
			sourceTree = "<group>";
		};
		FAC166AF1F2A47A100A86553 /* LaunchScreen.storyboard */ = {
			isa = PBXVariantGroup;
			children = (
				FAC166B01F2A47A100A86553 /* Base */,
			);
			name = LaunchScreen.storyboard;
			sourceTree = "<group>";
		};
/* End PBXVariantGroup section */

/* Begin XCBuildConfiguration section */
		FAC166B31F2A47A100A86553 /* Debug */ = {
			isa = XCBuildConfiguration;
			buildSettings = {
				ALWAYS_SEARCH_USER_PATHS = NO;
				CLANG_ANALYZER_NONNULL = YES;
				CLANG_ANALYZER_NUMBER_OBJECT_CONVERSION = YES_AGGRESSIVE;
				CLANG_CXX_LANGUAGE_STANDARD = "gnu++0x";
				CLANG_CXX_LIBRARY = "libc++";
				CLANG_ENABLE_MODULES = YES;
				CLANG_ENABLE_OBJC_ARC = YES;
				CLANG_WARN_BOOL_CONVERSION = YES;
				CLANG_WARN_CONSTANT_CONVERSION = YES;
				CLANG_WARN_DIRECT_OBJC_ISA_USAGE = YES_ERROR;
				CLANG_WARN_DOCUMENTATION_COMMENTS = YES;
				CLANG_WARN_EMPTY_BODY = YES;
				CLANG_WARN_ENUM_CONVERSION = YES;
				CLANG_WARN_INFINITE_RECURSION = YES;
				CLANG_WARN_INT_CONVERSION = YES;
				CLANG_WARN_OBJC_ROOT_CLASS = YES_ERROR;
				CLANG_WARN_SUSPICIOUS_MOVE = YES;
				CLANG_WARN_UNREACHABLE_CODE = YES;
				CLANG_WARN__DUPLICATE_METHOD_MATCH = YES;
				"CODE_SIGN_IDENTITY[sdk=iphoneos*]" = "iPhone Developer";
				COPY_PHASE_STRIP = NO;
				DEBUG_INFORMATION_FORMAT = dwarf;
				ENABLE_STRICT_OBJC_MSGSEND = YES;
				ENABLE_TESTABILITY = YES;
				GCC_C_LANGUAGE_STANDARD = gnu99;
				GCC_DYNAMIC_NO_PIC = NO;
				GCC_NO_COMMON_BLOCKS = YES;
				GCC_OPTIMIZATION_LEVEL = 0;
				GCC_PREPROCESSOR_DEFINITIONS = (
					"DEBUG=1",
					"$(inherited)",
				);
				GCC_WARN_64_TO_32_BIT_CONVERSION = YES;
				GCC_WARN_ABOUT_RETURN_TYPE = YES_ERROR;
				GCC_WARN_UNDECLARED_SELECTOR = YES;
				GCC_WARN_UNINITIALIZED_AUTOS = YES_AGGRESSIVE;
				GCC_WARN_UNUSED_FUNCTION = YES;
				GCC_WARN_UNUSED_VARIABLE = YES;
				IPHONEOS_DEPLOYMENT_TARGET = 10.3;
				MTL_ENABLE_DEBUG_INFO = YES;
				ONLY_ACTIVE_ARCH = YES;
				SDKROOT = iphoneos;
				SWIFT_ACTIVE_COMPILATION_CONDITIONS = DEBUG;
				SWIFT_OPTIMIZATION_LEVEL = "-Onone";
			};
			name = Debug;
		};
		FAC166B41F2A47A100A86553 /* Release */ = {
			isa = XCBuildConfiguration;
			buildSettings = {
				ALWAYS_SEARCH_USER_PATHS = NO;
				CLANG_ANALYZER_NONNULL = YES;
				CLANG_ANALYZER_NUMBER_OBJECT_CONVERSION = YES_AGGRESSIVE;
				CLANG_CXX_LANGUAGE_STANDARD = "gnu++0x";
				CLANG_CXX_LIBRARY = "libc++";
				CLANG_ENABLE_MODULES = YES;
				CLANG_ENABLE_OBJC_ARC = YES;
				CLANG_WARN_BOOL_CONVERSION = YES;
				CLANG_WARN_CONSTANT_CONVERSION = YES;
				CLANG_WARN_DIRECT_OBJC_ISA_USAGE = YES_ERROR;
				CLANG_WARN_DOCUMENTATION_COMMENTS = YES;
				CLANG_WARN_EMPTY_BODY = YES;
				CLANG_WARN_ENUM_CONVERSION = YES;
				CLANG_WARN_INFINITE_RECURSION = YES;
				CLANG_WARN_INT_CONVERSION = YES;
				CLANG_WARN_OBJC_ROOT_CLASS = YES_ERROR;
				CLANG_WARN_SUSPICIOUS_MOVE = YES;
				CLANG_WARN_UNREACHABLE_CODE = YES;
				CLANG_WARN__DUPLICATE_METHOD_MATCH = YES;
				"CODE_SIGN_IDENTITY[sdk=iphoneos*]" = "iPhone Developer";
				COPY_PHASE_STRIP = NO;
				DEBUG_INFORMATION_FORMAT = "dwarf-with-dsym";
				ENABLE_NS_ASSERTIONS = NO;
				ENABLE_STRICT_OBJC_MSGSEND = YES;
				GCC_C_LANGUAGE_STANDARD = gnu99;
				GCC_NO_COMMON_BLOCKS = YES;
				GCC_WARN_64_TO_32_BIT_CONVERSION = YES;
				GCC_WARN_ABOUT_RETURN_TYPE = YES_ERROR;
				GCC_WARN_UNDECLARED_SELECTOR = YES;
				GCC_WARN_UNINITIALIZED_AUTOS = YES_AGGRESSIVE;
				GCC_WARN_UNUSED_FUNCTION = YES;
				GCC_WARN_UNUSED_VARIABLE = YES;
				IPHONEOS_DEPLOYMENT_TARGET = 10.3;
				MTL_ENABLE_DEBUG_INFO = NO;
				SDKROOT = iphoneos;
				SWIFT_OPTIMIZATION_LEVEL = "-Owholemodule";
				VALIDATE_PRODUCT = YES;
			};
			name = Release;
		};
		FAC166B61F2A47A100A86553 /* Debug */ = {
			isa = XCBuildConfiguration;
			buildSettings = {
				ASSETCATALOG_COMPILER_APPICON_NAME = AppIcon;
				DEVELOPMENT_TEAM = ATZ7PKK893;
				INFOPLIST_FILE = DataStorage/Info.plist;
				LD_RUNPATH_SEARCH_PATHS = "$(inherited) @executable_path/Frameworks";
				PRODUCT_BUNDLE_IDENTIFIER = rnance.DataStorage;
				PRODUCT_NAME = "$(TARGET_NAME)";
				SWIFT_VERSION = 3.0;
			};
			name = Debug;
		};
		FAC166B71F2A47A100A86553 /* Release */ = {
			isa = XCBuildConfiguration;
			buildSettings = {
				ASSETCATALOG_COMPILER_APPICON_NAME = AppIcon;
				DEVELOPMENT_TEAM = ATZ7PKK893;
				INFOPLIST_FILE = DataStorage/Info.plist;
				LD_RUNPATH_SEARCH_PATHS = "$(inherited) @executable_path/Frameworks";
				PRODUCT_BUNDLE_IDENTIFIER = rnance.DataStorage;
				PRODUCT_NAME = "$(TARGET_NAME)";
				SWIFT_VERSION = 3.0;
			};
			name = Release;
		};
/* End XCBuildConfiguration section */

/* Begin XCConfigurationList section */
		FAC1669E1F2A47A000A86553 /* Build configuration list for PBXProject "DataStorage" */ = {
			isa = XCConfigurationList;
			buildConfigurations = (
				FAC166B31F2A47A100A86553 /* Debug */,
				FAC166B41F2A47A100A86553 /* Release */,
			);
			defaultConfigurationIsVisible = 0;
			defaultConfigurationName = Release;
		};
		FAC166B51F2A47A100A86553 /* Build configuration list for PBXNativeTarget "DataStorage" */ = {
			isa = XCConfigurationList;
			buildConfigurations = (
				FAC166B61F2A47A100A86553 /* Debug */,
				FAC166B71F2A47A100A86553 /* Release */,
			);
			defaultConfigurationIsVisible = 0;
		};
/* End XCConfigurationList section */
	};
	rootObject = FAC1669B1F2A47A000A86553 /* Project object */;
}
